PODS:
  - iOSWebRTCFramework (76)
  - Snapcall_Framework (5.5.1):
    - iOSWebRTCFramework (= 76)

DEPENDENCIES:
  - Snapcall_Framework (from `https://github.com/snapcall/snapcall_sdk_ios.git`, tag `5.5.1`)

SPEC REPOS:
  trunk:
    - iOSWebRTCFramework

EXTERNAL SOURCES:
  Snapcall_Framework:
    :git: https://github.com/snapcall/snapcall_sdk_ios.git
    :tag: 5.5.1

CHECKOUT OPTIONS:
  Snapcall_Framework:
    :git: https://github.com/snapcall/snapcall_sdk_ios.git
    :tag: 5.5.1

SPEC CHECKSUMS:
  iOSWebRTCFramework: 25265e49cdb3cf768798657a69205224833fa447
  Snapcall_Framework: 6c2b22b00e3b48e97804c8e94d043970e2bcfe00

PODFILE CHECKSUM: ecb2478353abac39f80a19ba7a24263d19f8669f

COCOAPODS: 1.8.1
