PODS:
  - Snapcall_Framework (5.4.3):
    - WebRTC (= 61.5.19063)
  - WebRTC (61.5.19063)

DEPENDENCIES:
  - Snapcall_Framework (from `https://github.com/snapcall/snapcall_sdk_ios.git`, tag `5.4.3`)

SPEC REPOS:
  https://github.com/cocoapods/specs.git:
    - WebRTC

EXTERNAL SOURCES:
  Snapcall_Framework:
    :git: https://github.com/snapcall/snapcall_sdk_ios.git
    :tag: 5.4.3

CHECKOUT OPTIONS:
  Snapcall_Framework:
    :git: https://github.com/snapcall/snapcall_sdk_ios.git
    :tag: 5.4.3

SPEC CHECKSUMS:
  Snapcall_Framework: e7c266b02ff0b4ce780be9a4ded7e5cfefe42e93
  WebRTC: 141474ba648e0b940a70696c183451b4a3b2b10f

PODFILE CHECKSUM: 44e786ee758a809b0cdeb456faefd7418f27b0fb

COCOAPODS: 1.6.1
